
Microsoft Visual Studio Solution File, Format Version 12.00
# Visual Studio Version 17
VisualStudioVersion = 17.0.32126.317
MinimumVisualStudioVersion = 10.0.40219.1
Project("{9A19103F-16F7-4668-BE54-9A1E7A4F7556}") = "aulao.orm.domain", "aulao.orm.domain\aulao.orm.domain.csproj", "{485E4FE8-76F2-4A1A-8D9B-B369473F5BD7}"
EndProject
Project("{9A19103F-16F7-4668-BE54-9A1E7A4F7556}") = "aulao.orm.service", "aulao.orm.service\aulao.orm.service.csproj", "{3AB85832-4F94-48EA-A587-C2B4D1DD1AD6}"
EndProject
Project("{9A19103F-16F7-4668-BE54-9A1E7A4F7556}") = "aulao.orm.api", "aulao.orm.api\aulao.orm.api.csproj", "{D5D75091-41EC-4951-BCBF-C104781D9AA4}"
EndProject
Project("{FAE04EC0-301F-11D3-BF4B-00C04F79EFBC}") = "aulao.orm.infra", "aulao.orm.infra\aulao.orm.infra.csproj", "{03F8CA02-5930-4BC7-B60C-A71ECCF51B57}"
EndProject
Global
	GlobalSection(SolutionConfigurationPlatforms) = preSolution
		Debug|Any CPU = Debug|Any CPU
		Release|Any CPU = Release|Any CPU
	EndGlobalSection
	GlobalSection(ProjectConfigurationPlatforms) = postSolution
		{485E4FE8-76F2-4A1A-8D9B-B369473F5BD7}.Debug|Any CPU.ActiveCfg = Debug|Any CPU
		{485E4FE8-76F2-4A1A-8D9B-B369473F5BD7}.Debug|Any CPU.Build.0 = Debug|Any CPU
		{485E4FE8-76F2-4A1A-8D9B-B369473F5BD7}.Release|Any CPU.ActiveCfg = Release|Any CPU
		{485E4FE8-76F2-4A1A-8D9B-B369473F5BD7}.Release|Any CPU.Build.0 = Release|Any CPU
		{3AB85832-4F94-48EA-A587-C2B4D1DD1AD6}.Debug|Any CPU.ActiveCfg = Debug|Any CPU
		{3AB85832-4F94-48EA-A587-C2B4D1DD1AD6}.Debug|Any CPU.Build.0 = Debug|Any CPU
		{3AB85832-4F94-48EA-A587-C2B4D1DD1AD6}.Release|Any CPU.ActiveCfg = Release|Any CPU
		{3AB85832-4F94-48EA-A587-C2B4D1DD1AD6}.Release|Any CPU.Build.0 = Release|Any CPU
		{D5D75091-41EC-4951-BCBF-C104781D9AA4}.Debug|Any CPU.ActiveCfg = Debug|Any CPU
		{D5D75091-41EC-4951-BCBF-C104781D9AA4}.Debug|Any CPU.Build.0 = Debug|Any CPU
		{D5D75091-41EC-4951-BCBF-C104781D9AA4}.Release|Any CPU.ActiveCfg = Release|Any CPU
		{D5D75091-41EC-4951-BCBF-C104781D9AA4}.Release|Any CPU.Build.0 = Release|Any CPU
		{03F8CA02-5930-4BC7-B60C-A71ECCF51B57}.Debug|Any CPU.ActiveCfg = Debug|Any CPU
		{03F8CA02-5930-4BC7-B60C-A71ECCF51B57}.Debug|Any CPU.Build.0 = Debug|Any CPU
		{03F8CA02-5930-4BC7-B60C-A71ECCF51B57}.Release|Any CPU.ActiveCfg = Release|Any CPU
		{03F8CA02-5930-4BC7-B60C-A71ECCF51B57}.Release|Any CPU.Build.0 = Release|Any CPU
	EndGlobalSection
	GlobalSection(SolutionProperties) = preSolution
		HideSolutionNode = FALSE
	EndGlobalSection
	GlobalSection(ExtensibilityGlobals) = postSolution
		SolutionGuid = {2488E662-931A-4473-ACC3-21BC4E15A2BE}
	EndGlobalSection
EndGlobal
